// !$*UTF8*$!
{
	archiveVersion = 1;
	classes = {
	};
	objectVersion = 55;
	objects = {

/* Begin PBXBuildFile section */
		7123278728E50608005CFDC8 /* CheckViewController.swift in Sources */ = {isa = PBXBuildFile; fileRef = 7123278628E50608005CFDC8 /* CheckViewController.swift */; };
		7123278928E50665005CFDC8 /* IngridientsPizzaViewController.swift in Sources */ = {isa = PBXBuildFile; fileRef = 7123278828E50665005CFDC8 /* IngridientsPizzaViewController.swift */; };
		715BD62F28DBA9D900632D00 /* AppDelegate.swift in Sources */ = {isa = PBXBuildFile; fileRef = 715BD62E28DBA9D900632D00 /* AppDelegate.swift */; };
		715BD63128DBA9D900632D00 /* SceneDelegate.swift in Sources */ = {isa = PBXBuildFile; fileRef = 715BD63028DBA9D900632D00 /* SceneDelegate.swift */; };
		715BD63328DBA9D900632D00 /* LoginViewController.swift in Sources */ = {isa = PBXBuildFile; fileRef = 715BD63228DBA9D900632D00 /* LoginViewController.swift */; };
		715BD63628DBA9D900632D00 /* Main.storyboard in Resources */ = {isa = PBXBuildFile; fileRef = 715BD63428DBA9D900632D00 /* Main.storyboard */; };
		715BD63828DBA9DB00632D00 /* Assets.xcassets in Resources */ = {isa = PBXBuildFile; fileRef = 715BD63728DBA9DB00632D00 /* Assets.xcassets */; };
		715BD63B28DBA9DB00632D00 /* LaunchScreen.storyboard in Resources */ = {isa = PBXBuildFile; fileRef = 715BD63928DBA9DB00632D00 /* LaunchScreen.storyboard */; };
		7169BC9528E435E30071C70D /* FoodViewController.swift in Sources */ = {isa = PBXBuildFile; fileRef = 7169BC9428E435E30071C70D /* FoodViewController.swift */; };
		71806F4528E4E69C00CDE2E3 /* PizzaTableViewCell.swift in Sources */ = {isa = PBXBuildFile; fileRef = 71806F4428E4E69C00CDE2E3 /* PizzaTableViewCell.swift */; };
		71806F4728E4E6D600CDE2E3 /* SushiTableViewCell.swift in Sources */ = {isa = PBXBuildFile; fileRef = 71806F4628E4E6D600CDE2E3 /* SushiTableViewCell.swift */; };
		71806F4928E4F26000CDE2E3 /* PizzaViewController.swift in Sources */ = {isa = PBXBuildFile; fileRef = 71806F4828E4F26000CDE2E3 /* PizzaViewController.swift */; };
/* End PBXBuildFile section */

/* Begin PBXFileReference section */
		7123278628E50608005CFDC8 /* CheckViewController.swift */ = {isa = PBXFileReference; lastKnownFileType = sourcecode.swift; path = CheckViewController.swift; sourceTree = "<group>"; };
		7123278828E50665005CFDC8 /* IngridientsPizzaViewController.swift */ = {isa = PBXFileReference; lastKnownFileType = sourcecode.swift; path = IngridientsPizzaViewController.swift; sourceTree = "<group>"; };
		715BD62B28DBA9D900632D00 /* projectRM.app */ = {isa = PBXFileReference; explicitFileType = wrapper.application; includeInIndex = 0; path = projectRM.app; sourceTree = BUILT_PRODUCTS_DIR; };
		715BD62E28DBA9D900632D00 /* AppDelegate.swift */ = {isa = PBXFileReference; lastKnownFileType = sourcecode.swift; path = AppDelegate.swift; sourceTree = "<group>"; };
		715BD63028DBA9D900632D00 /* SceneDelegate.swift */ = {isa = PBXFileReference; lastKnownFileType = sourcecode.swift; path = SceneDelegate.swift; sourceTree = "<group>"; };
		715BD63228DBA9D900632D00 /* LoginViewController.swift */ = {isa = PBXFileReference; lastKnownFileType = sourcecode.swift; path = LoginViewController.swift; sourceTree = "<group>"; };
		715BD63528DBA9D900632D00 /* Base */ = {isa = PBXFileReference; lastKnownFileType = file.storyboard; name = Base; path = Base.lproj/Main.storyboard; sourceTree = "<group>"; };
		715BD63728DBA9DB00632D00 /* Assets.xcassets */ = {isa = PBXFileReference; lastKnownFileType = folder.assetcatalog; path = Assets.xcassets; sourceTree = "<group>"; };
		715BD63A28DBA9DB00632D00 /* Base */ = {isa = PBXFileReference; lastKnownFileType = file.storyboard; name = Base; path = Base.lproj/LaunchScreen.storyboard; sourceTree = "<group>"; };
		715BD63C28DBA9DB00632D00 /* Info.plist */ = {isa = PBXFileReference; lastKnownFileType = text.plist.xml; path = Info.plist; sourceTree = "<group>"; };
		7169BC9428E435E30071C70D /* FoodViewController.swift */ = {isa = PBXFileReference; lastKnownFileType = sourcecode.swift; path = FoodViewController.swift; sourceTree = "<group>"; };
		71806F4428E4E69C00CDE2E3 /* PizzaTableViewCell.swift */ = {isa = PBXFileReference; lastKnownFileType = sourcecode.swift; path = PizzaTableViewCell.swift; sourceTree = "<group>"; };
		71806F4628E4E6D600CDE2E3 /* SushiTableViewCell.swift */ = {isa = PBXFileReference; lastKnownFileType = sourcecode.swift; path = SushiTableViewCell.swift; sourceTree = "<group>"; };
		71806F4828E4F26000CDE2E3 /* PizzaViewController.swift */ = {isa = PBXFileReference; lastKnownFileType = sourcecode.swift; path = PizzaViewController.swift; sourceTree = "<group>"; };
/* End PBXFileReference section */

/* Begin PBXFrameworksBuildPhase section */
		715BD62828DBA9D900632D00 /* Frameworks */ = {
			isa = PBXFrameworksBuildPhase;
			buildActionMask = 2147483647;
			files = (
			);
			runOnlyForDeploymentPostprocessing = 0;
		};
/* End PBXFrameworksBuildPhase section */

/* Begin PBXGroup section */
		715BD62228DBA9D900632D00 = {
			isa = PBXGroup;
			children = (
				715BD62D28DBA9D900632D00 /* projectRM */,
				715BD62C28DBA9D900632D00 /* Products */,
			);
			sourceTree = "<group>";
		};
		715BD62C28DBA9D900632D00 /* Products */ = {
			isa = PBXGroup;
			children = (
				715BD62B28DBA9D900632D00 /* projectRM.app */,
			);
			name = Products;
			sourceTree = "<group>";
		};
		715BD62D28DBA9D900632D00 /* projectRM */ = {
			isa = PBXGroup;
			children = (
				7169BC9328E4352A0071C70D /* Views */,
				71806F4328E4E66A00CDE2E3 /* TableView */,
				715BD62E28DBA9D900632D00 /* AppDelegate.swift */,
				715BD63028DBA9D900632D00 /* SceneDelegate.swift */,
				715BD63428DBA9D900632D00 /* Main.storyboard */,
				715BD63728DBA9DB00632D00 /* Assets.xcassets */,
				715BD63928DBA9DB00632D00 /* LaunchScreen.storyboard */,
				715BD63C28DBA9DB00632D00 /* Info.plist */,
			);
			path = projectRM;
			sourceTree = "<group>";
		};
		7169BC9328E4352A0071C70D /* Views */ = {
			isa = PBXGroup;
			children = (
				715BD63228DBA9D900632D00 /* LoginViewController.swift */,
				7169BC9428E435E30071C70D /* FoodViewController.swift */,
				71806F4828E4F26000CDE2E3 /* PizzaViewController.swift */,
				7123278828E50665005CFDC8 /* IngridientsPizzaViewController.swift */,
				7123278628E50608005CFDC8 /* CheckViewController.swift */,
			);
			path = Views;
			sourceTree = "<group>";
		};
		71806F4328E4E66A00CDE2E3 /* TableView */ = {
			isa = PBXGroup;
			children = (
				71806F4428E4E69C00CDE2E3 /* PizzaTableViewCell.swift */,
				71806F4628E4E6D600CDE2E3 /* SushiTableViewCell.swift */,
			);
			path = TableView;
			sourceTree = "<group>";
		};
/* End PBXGroup section */

/* Begin PBXNativeTarget section */
		715BD62A28DBA9D900632D00 /* projectRM */ = {
			isa = PBXNativeTarget;
			buildConfigurationList = 715BD63F28DBA9DB00632D00 /* Build configuration list for PBXNativeTarget "projectRM" */;
			buildPhases = (
				715BD64228DBA9F000632D00 /* ShellScript */,
				715BD62728DBA9D900632D00 /* Sources */,
				715BD62828DBA9D900632D00 /* Frameworks */,
				715BD62928DBA9D900632D00 /* Resources */,
			);
			buildRules = (
			);
			dependencies = (
			);
			name = projectRM;
			productName = projectRM;
			productReference = 715BD62B28DBA9D900632D00 /* projectRM.app */;
			productType = "com.apple.product-type.application";
		};
/* End PBXNativeTarget section */

/* Begin PBXProject section */
		715BD62328DBA9D900632D00 /* Project object */ = {
			isa = PBXProject;
			attributes = {
				BuildIndependentTargetsInParallel = 1;
				LastSwiftUpdateCheck = 1340;
				LastUpgradeCheck = 1340;
				TargetAttributes = {
					715BD62A28DBA9D900632D00 = {
						CreatedOnToolsVersion = 13.4.1;
					};
				};
			};
			buildConfigurationList = 715BD62628DBA9D900632D00 /* Build configuration list for PBXProject "projectRM" */;
			compatibilityVersion = "Xcode 13.0";
			developmentRegion = en;
			hasScannedForEncodings = 0;
			knownRegions = (
				en,
				Base,
			);
			mainGroup = 715BD62228DBA9D900632D00;
			productRefGroup = 715BD62C28DBA9D900632D00 /* Products */;
			projectDirPath = "";
			projectRoot = "";
			targets = (
				715BD62A28DBA9D900632D00 /* projectRM */,
			);
		};
/* End PBXProject section */

/* Begin PBXResourcesBuildPhase section */
		715BD62928DBA9D900632D00 /* Resources */ = {
			isa = PBXResourcesBuildPhase;
			buildActionMask = 2147483647;
			files = (
				715BD63B28DBA9DB00632D00 /* LaunchScreen.storyboard in Resources */,
				715BD63828DBA9DB00632D00 /* Assets.xcassets in Resources */,
				715BD63628DBA9D900632D00 /* Main.storyboard in Resources */,
			);
			runOnlyForDeploymentPostprocessing = 0;
		};
/* End PBXResourcesBuildPhase section */

/* Begin PBXShellScriptBuildPhase section */
		715BD64228DBA9F000632D00 /* ShellScript */ = {
			isa = PBXShellScriptBuildPhase;
			buildActionMask = 2147483647;
			files = (
			);
			inputFileListPaths = (
			);
			inputPaths = (
			);
			outputFileListPaths = (
			);
			outputPaths = (
			);
			runOnlyForDeploymentPostprocessing = 0;
			shellPath = /bin/sh;
			shellScript = "if which swiftlint > /dev/null; then\n  swiftlint\nelse\n  echo \"warning: SwiftLint not installed, download from https://github.com/realm/SwiftLint\"\nfi\n";
		};
/* End PBXShellScriptBuildPhase section */

/* Begin PBXSourcesBuildPhase section */
		715BD62728DBA9D900632D00 /* Sources */ = {
			isa = PBXSourcesBuildPhase;
			buildActionMask = 2147483647;
			files = (
				71806F4728E4E6D600CDE2E3 /* SushiTableViewCell.swift in Sources */,
				71806F4928E4F26000CDE2E3 /* PizzaViewController.swift in Sources */,
				7123278728E50608005CFDC8 /* CheckViewController.swift in Sources */,
				715BD63328DBA9D900632D00 /* LoginViewController.swift in Sources */,
				715BD62F28DBA9D900632D00 /* AppDelegate.swift in Sources */,
				7169BC9528E435E30071C70D /* FoodViewController.swift in Sources */,
				71806F4528E4E69C00CDE2E3 /* PizzaTableViewCell.swift in Sources */,
				7123278928E50665005CFDC8 /* IngridientsPizzaViewController.swift in Sources */,
				715BD63128DBA9D900632D00 /* SceneDelegate.swift in Sources */,
			);
			runOnlyForDeploymentPostprocessing = 0;
		};
/* End PBXSourcesBuildPhase section */

/* Begin PBXVariantGroup section */
		715BD63428DBA9D900632D00 /* Main.storyboard */ = {
			isa = PBXVariantGroup;
			children = (
				715BD63528DBA9D900632D00 /* Base */,
			);
			name = Main.storyboard;
			sourceTree = "<group>";
		};
		715BD63928DBA9DB00632D00 /* LaunchScreen.storyboard */ = {
			isa = PBXVariantGroup;
			children = (
				715BD63A28DBA9DB00632D00 /* Base */,
			);
			name = LaunchScreen.storyboard;
			sourceTree = "<group>";
		};
/* End PBXVariantGroup section */

/* Begin XCBuildConfiguration section */
		715BD63D28DBA9DB00632D00 /* Debug */ = {
			isa = XCBuildConfiguration;
			buildSettings = {
				ALWAYS_SEARCH_USER_PATHS = NO;
				CLANG_ANALYZER_NONNULL = YES;
				CLANG_ANALYZER_NUMBER_OBJECT_CONVERSION = YES_AGGRESSIVE;
				CLANG_CXX_LANGUAGE_STANDARD = "gnu++17";
				CLANG_ENABLE_MODULES = YES;
				CLANG_ENABLE_OBJC_ARC = YES;
				CLANG_ENABLE_OBJC_WEAK = YES;
				CLANG_WARN_BLOCK_CAPTURE_AUTORELEASING = YES;
				CLANG_WARN_BOOL_CONVERSION = YES;
				CLANG_WARN_COMMA = YES;
				CLANG_WARN_CONSTANT_CONVERSION = YES;
				CLANG_WARN_DEPRECATED_OBJC_IMPLEMENTATIONS = YES;
				CLANG_WARN_DIRECT_OBJC_ISA_USAGE = YES_ERROR;
				CLANG_WARN_DOCUMENTATION_COMMENTS = YES;
				CLANG_WARN_EMPTY_BODY = YES;
				CLANG_WARN_ENUM_CONVERSION = YES;
				CLANG_WARN_INFINITE_RECURSION = YES;
				CLANG_WARN_INT_CONVERSION = YES;
				CLANG_WARN_NON_LITERAL_NULL_CONVERSION = YES;
				CLANG_WARN_OBJC_IMPLICIT_RETAIN_SELF = YES;
				CLANG_WARN_OBJC_LITERAL_CONVERSION = YES;
				CLANG_WARN_OBJC_ROOT_CLASS = YES_ERROR;
				CLANG_WARN_QUOTED_INCLUDE_IN_FRAMEWORK_HEADER = YES;
				CLANG_WARN_RANGE_LOOP_ANALYSIS = YES;
				CLANG_WARN_STRICT_PROTOTYPES = YES;
				CLANG_WARN_SUSPICIOUS_MOVE = YES;
				CLANG_WARN_UNGUARDED_AVAILABILITY = YES_AGGRESSIVE;
				CLANG_WARN_UNREACHABLE_CODE = YES;
				CLANG_WARN__DUPLICATE_METHOD_MATCH = YES;
				COPY_PHASE_STRIP = NO;
				DEBUG_INFORMATION_FORMAT = dwarf;
				ENABLE_STRICT_OBJC_MSGSEND = YES;
				ENABLE_TESTABILITY = YES;
				GCC_C_LANGUAGE_STANDARD = gnu11;
				GCC_DYNAMIC_NO_PIC = NO;
				GCC_NO_COMMON_BLOCKS = YES;
				GCC_OPTIMIZATION_LEVEL = 0;
				GCC_PREPROCESSOR_DEFINITIONS = (
					"DEBUG=1",
					"$(inherited)",
				);
				GCC_WARN_64_TO_32_BIT_CONVERSION = YES;
				GCC_WARN_ABOUT_RETURN_TYPE = YES_ERROR;
				GCC_WARN_UNDECLARED_SELECTOR = YES;
				GCC_WARN_UNINITIALIZED_AUTOS = YES_AGGRESSIVE;
				GCC_WARN_UNUSED_FUNCTION = YES;
				GCC_WARN_UNUSED_VARIABLE = YES;
				IPHONEOS_DEPLOYMENT_TARGET = 15.5;
				MTL_ENABLE_DEBUG_INFO = INCLUDE_SOURCE;
				MTL_FAST_MATH = YES;
				ONLY_ACTIVE_ARCH = YES;
				SDKROOT = iphoneos;
				SWIFT_ACTIVE_COMPILATION_CONDITIONS = DEBUG;
				SWIFT_OPTIMIZATION_LEVEL = "-Onone";
			};
			name = Debug;
		};
		715BD63E28DBA9DB00632D00 /* Release */ = {
			isa = XCBuildConfiguration;
			buildSettings = {
				ALWAYS_SEARCH_USER_PATHS = NO;
				CLANG_ANALYZER_NONNULL = YES;
				CLANG_ANALYZER_NUMBER_OBJECT_CONVERSION = YES_AGGRESSIVE;
				CLANG_CXX_LANGUAGE_STANDARD = "gnu++17";
				CLANG_ENABLE_MODULES = YES;
				CLANG_ENABLE_OBJC_ARC = YES;
				CLANG_ENABLE_OBJC_WEAK = YES;
				CLANG_WARN_BLOCK_CAPTURE_AUTORELEASING = YES;
				CLANG_WARN_BOOL_CONVERSION = YES;
				CLANG_WARN_COMMA = YES;
				CLANG_WARN_CONSTANT_CONVERSION = YES;
				CLANG_WARN_DEPRECATED_OBJC_IMPLEMENTATIONS = YES;
				CLANG_WARN_DIRECT_OBJC_ISA_USAGE = YES_ERROR;
				CLANG_WARN_DOCUMENTATION_COMMENTS = YES;
				CLANG_WARN_EMPTY_BODY = YES;
				CLANG_WARN_ENUM_CONVERSION = YES;
				CLANG_WARN_INFINITE_RECURSION = YES;
				CLANG_WARN_INT_CONVERSION = YES;
				CLANG_WARN_NON_LITERAL_NULL_CONVERSION = YES;
				CLANG_WARN_OBJC_IMPLICIT_RETAIN_SELF = YES;
				CLANG_WARN_OBJC_LITERAL_CONVERSION = YES;
				CLANG_WARN_OBJC_ROOT_CLASS = YES_ERROR;
				CLANG_WARN_QUOTED_INCLUDE_IN_FRAMEWORK_HEADER = YES;
				CLANG_WARN_RANGE_LOOP_ANALYSIS = YES;
				CLANG_WARN_STRICT_PROTOTYPES = YES;
				CLANG_WARN_SUSPICIOUS_MOVE = YES;
				CLANG_WARN_UNGUARDED_AVAILABILITY = YES_AGGRESSIVE;
				CLANG_WARN_UNREACHABLE_CODE = YES;
				CLANG_WARN__DUPLICATE_METHOD_MATCH = YES;
				COPY_PHASE_STRIP = NO;
				DEBUG_INFORMATION_FORMAT = "dwarf-with-dsym";
				ENABLE_NS_ASSERTIONS = NO;
				ENABLE_STRICT_OBJC_MSGSEND = YES;
				GCC_C_LANGUAGE_STANDARD = gnu11;
				GCC_NO_COMMON_BLOCKS = YES;
				GCC_WARN_64_TO_32_BIT_CONVERSION = YES;
				GCC_WARN_ABOUT_RETURN_TYPE = YES_ERROR;
				GCC_WARN_UNDECLARED_SELECTOR = YES;
				GCC_WARN_UNINITIALIZED_AUTOS = YES_AGGRESSIVE;
				GCC_WARN_UNUSED_FUNCTION = YES;
				GCC_WARN_UNUSED_VARIABLE = YES;
				IPHONEOS_DEPLOYMENT_TARGET = 15.5;
				MTL_ENABLE_DEBUG_INFO = NO;
				MTL_FAST_MATH = YES;
				SDKROOT = iphoneos;
				SWIFT_COMPILATION_MODE = wholemodule;
				SWIFT_OPTIMIZATION_LEVEL = "-O";
				VALIDATE_PRODUCT = YES;
			};
			name = Release;
		};
		715BD64028DBA9DB00632D00 /* Debug */ = {
			isa = XCBuildConfiguration;
			buildSettings = {
				ASSETCATALOG_COMPILER_APPICON_NAME = AppIcon;
				ASSETCATALOG_COMPILER_GLOBAL_ACCENT_COLOR_NAME = AccentColor;
				CODE_SIGN_STYLE = Automatic;
				CURRENT_PROJECT_VERSION = 1;
				DEVELOPMENT_TEAM = 3ZCQU6CM8M;
				GENERATE_INFOPLIST_FILE = YES;
				INFOPLIST_FILE = projectRM/Info.plist;
				INFOPLIST_KEY_UIApplicationSupportsIndirectInputEvents = YES;
				INFOPLIST_KEY_UILaunchStoryboardName = LaunchScreen;
				INFOPLIST_KEY_UIMainStoryboardFile = Main;
				INFOPLIST_KEY_UISupportedInterfaceOrientations_iPad = "UIInterfaceOrientationPortrait UIInterfaceOrientationPortraitUpsideDown UIInterfaceOrientationLandscapeLeft UIInterfaceOrientationLandscapeRight";
				INFOPLIST_KEY_UISupportedInterfaceOrientations_iPhone = "UIInterfaceOrientationPortrait UIInterfaceOrientationLandscapeLeft UIInterfaceOrientationLandscapeRight";
				LD_RUNPATH_SEARCH_PATHS = (
					"$(inherited)",
					"@executable_path/Frameworks",
				);
				MARKETING_VERSION = 1.0;
				PRODUCT_BUNDLE_IDENTIFIER = ezguga.projectRM;
				PRODUCT_NAME = "$(TARGET_NAME)";
				SWIFT_EMIT_LOC_STRINGS = YES;
				SWIFT_VERSION = 5.0;
				TARGETED_DEVICE_FAMILY = "1,2";
			};
			name = Debug;
		};
		715BD64128DBA9DB00632D00 /* Release */ = {
			isa = XCBuildConfiguration;
			buildSettings = {
				ASSETCATALOG_COMPILER_APPICON_NAME = AppIcon;
				ASSETCATALOG_COMPILER_GLOBAL_ACCENT_COLOR_NAME = AccentColor;
				CODE_SIGN_STYLE = Automatic;
				CURRENT_PROJECT_VERSION = 1;
				DEVELOPMENT_TEAM = 3ZCQU6CM8M;
				GENERATE_INFOPLIST_FILE = YES;
				INFOPLIST_FILE = projectRM/Info.plist;
				INFOPLIST_KEY_UIApplicationSupportsIndirectInputEvents = YES;
				INFOPLIST_KEY_UILaunchStoryboardName = LaunchScreen;
				INFOPLIST_KEY_UIMainStoryboardFile = Main;
				INFOPLIST_KEY_UISupportedInterfaceOrientations_iPad = "UIInterfaceOrientationPortrait UIInterfaceOrientationPortraitUpsideDown UIInterfaceOrientationLandscapeLeft UIInterfaceOrientationLandscapeRight";
				INFOPLIST_KEY_UISupportedInterfaceOrientations_iPhone = "UIInterfaceOrientationPortrait UIInterfaceOrientationLandscapeLeft UIInterfaceOrientationLandscapeRight";
				LD_RUNPATH_SEARCH_PATHS = (
					"$(inherited)",
					"@executable_path/Frameworks",
				);
				MARKETING_VERSION = 1.0;
				PRODUCT_BUNDLE_IDENTIFIER = ezguga.projectRM;
				PRODUCT_NAME = "$(TARGET_NAME)";
				SWIFT_EMIT_LOC_STRINGS = YES;
				SWIFT_VERSION = 5.0;
				TARGETED_DEVICE_FAMILY = "1,2";
			};
			name = Release;
		};
/* End XCBuildConfiguration section */

/* Begin XCConfigurationList section */
		715BD62628DBA9D900632D00 /* Build configuration list for PBXProject "projectRM" */ = {
			isa = XCConfigurationList;
			buildConfigurations = (
				715BD63D28DBA9DB00632D00 /* Debug */,
				715BD63E28DBA9DB00632D00 /* Release */,
			);
			defaultConfigurationIsVisible = 0;
			defaultConfigurationName = Release;
		};
		715BD63F28DBA9DB00632D00 /* Build configuration list for PBXNativeTarget "projectRM" */ = {
			isa = XCConfigurationList;
			buildConfigurations = (
				715BD64028DBA9DB00632D00 /* Debug */,
				715BD64128DBA9DB00632D00 /* Release */,
			);
			defaultConfigurationIsVisible = 0;
			defaultConfigurationName = Release;
		};
/* End XCConfigurationList section */
	};
	rootObject = 715BD62328DBA9D900632D00 /* Project object */;
}
